
Microsoft Visual Studio Solution File, Format Version 12.00
# Visual Studio Version 16
VisualStudioVersion = 16.0.29409.12
MinimumVisualStudioVersion = 10.0.40219.1
Project("{FAE04EC0-301F-11D3-BF4B-00C04F79EFBC}") = "School_Ado_Net", "School_Ado_Net\School_Ado_Net.csproj", "{F4CED256-9CBA-4440-9670-A07A7BADCD37}"
EndProject
Global
	GlobalSection(SolutionConfigurationPlatforms) = preSolution
		Debug|Any CPU = Debug|Any CPU
		Release|Any CPU = Release|Any CPU
	EndGlobalSection
	GlobalSection(ProjectConfigurationPlatforms) = postSolution
		{F4CED256-9CBA-4440-9670-A07A7BADCD37}.Debug|Any CPU.ActiveCfg = Debug|Any CPU
		{F4CED256-9CBA-4440-9670-A07A7BADCD37}.Debug|Any CPU.Build.0 = Debug|Any CPU
		{F4CED256-9CBA-4440-9670-A07A7BADCD37}.Release|Any CPU.ActiveCfg = Release|Any CPU
		{F4CED256-9CBA-4440-9670-A07A7BADCD37}.Release|Any CPU.Build.0 = Release|Any CPU
	EndGlobalSection
	GlobalSection(SolutionProperties) = preSolution
		HideSolutionNode = FALSE
	EndGlobalSection
	GlobalSection(ExtensibilityGlobals) = postSolution
		SolutionGuid = {B542D3BE-D918-4E35-A6D2-C4AAF04B03B1}
	EndGlobalSection
EndGlobal
